{
  "nodes": {
    "emacs-config": {
      "flake": false,
      "locked": {
        "lastModified": 1686905008,
        "narHash": "sha256-3PzMiXJXzYhhocr00y95PQwC1ZThFMYKwbwEWO94SZI=",
        "owner": "mominala",
        "repo": ".emacs.d",
        "rev": "e899da913908153ebdaddfed22a380afeeb62701",
        "type": "github"
      },
      "original": {
        "owner": "mominala",
        "ref": "literate",
        "repo": ".emacs.d",
        "type": "github"
      }
    },
    "enhancd": {
      "flake": false,
      "locked": {
        "lastModified": 1686934512,
        "narHash": "sha256-aKzpDpWh3mzcZ58TQxubGo2x0W+HgSSg/qcFAvX2UPY=",
        "owner": "b4b4r07",
        "repo": "enhancd",
        "rev": "007c28da2e3f9a7b634863ae18a233edf51d84ae",
        "type": "github"
      },
      "original": {
        "owner": "b4b4r07",
        "repo": "enhancd",
        "type": "github"
      }
    },
    "flake-utils": {
      "locked": {
        "lastModified": 1659877975,
        "narHash": "sha256-zllb8aq3YO3h8B/U0/J1WBgAL8EX5yWf5pMj3G0NAmc=",
        "owner": "numtide",
        "repo": "flake-utils",
        "rev": "c0e246b9b83f637f4681389ecabcb2681b4f3af0",
        "type": "github"
      },
      "original": {
        "owner": "numtide",
        "repo": "flake-utils",
        "type": "github"
      }
    },
    "home-manager": {
      "inputs": {
        "nixpkgs": [
          "nixpkgs"
        ]
      },
      "locked": {
        "lastModified": 1686922395,
        "narHash": "sha256-ysevinohPxdKp0RXyhDRsz1/vh1eXazg4AWp0n5X/U4=",
        "owner": "nix-community",
        "repo": "home-manager",
        "rev": "9ba7b3990eb1f4782ea3f5fe7ac4f3c88dd7a32c",
        "type": "github"
      },
      "original": {
        "owner": "nix-community",
        "ref": "master",
        "repo": "home-manager",
        "type": "github"
      }
    },
    "nixgl": {
      "inputs": {
        "flake-utils": "flake-utils",
        "nixpkgs": "nixpkgs"
      },
      "locked": {
        "lastModified": 1685908677,
        "narHash": "sha256-E4zUPEUFyVWjVm45zICaHRpfGepfkE9Z2OECV9HXfA4=",
        "owner": "guibou",
        "repo": "nixGL",
        "rev": "489d6b095ab9d289fe11af0219a9ff00fe87c7c5",
        "type": "github"
      },
      "original": {
        "owner": "guibou",
        "repo": "nixGL",
        "type": "github"
      }
    },
    "nixpkgs": {
      "locked": {
        "lastModified": 1660551188,
        "narHash": "sha256-a1LARMMYQ8DPx1BgoI/UN4bXe12hhZkCNqdxNi6uS0g=",
        "owner": "nixos",
        "repo": "nixpkgs",
        "rev": "441dc5d512153039f19ef198e662e4f3dbb9fd65",
        "type": "github"
      },
      "original": {
        "owner": "nixos",
        "repo": "nixpkgs",
        "type": "github"
      }
    },
    "nixpkgs_2": {
      "locked": {
        "lastModified": 1686869522,
        "narHash": "sha256-tbJ9B8WLCTnVP/LwESRlg0dII6Zyg2LmUU/mB9Lu98E=",
        "owner": "nixos",
        "repo": "nixpkgs",
        "rev": "7c67f006ea0e7d0265f16d7df07cc076fdffd91f",
        "type": "github"
      },
      "original": {
        "owner": "nixos",
        "ref": "nixos-unstable",
        "repo": "nixpkgs",
        "type": "github"
      }
    },
    "root": {
      "inputs": {
        "emacs-config": "emacs-config",
        "enhancd": "enhancd",
        "home-manager": "home-manager",
        "nixgl": "nixgl",
        "nixpkgs": "nixpkgs_2",
        "spaceship-prompt": "spaceship-prompt",
        "tmux-suspend": "tmux-suspend",
        "zsh-autosuggestions": "zsh-autosuggestions",
        "zsh-completions": "zsh-completions",
        "zsh-syntax-highlighting": "zsh-syntax-highlighting"
      }
    },
    "spaceship-prompt": {
      "flake": false,
      "locked": {
        "lastModified": 1684848190,
        "narHash": "sha256-gt9CuEHkjlsrc3svLh44L1SZA4OtIhcrFET9d2gJiLM=",
        "owner": "spaceship-prompt",
        "repo": "spaceship-prompt",
        "rev": "8461d88f59536087bbccd383d1c5da82e9fb90b3",
        "type": "github"
      },
      "original": {
        "owner": "spaceship-prompt",
        "repo": "spaceship-prompt",
        "type": "github"
      }
    },
    "tmux-suspend": {
      "flake": false,
      "locked": {
        "lastModified": 1673761096,
        "narHash": "sha256-+1fKkwDmr5iqro0XeL8gkjOGGB/YHBD25NG+w3iW+0g=",
        "owner": "MunifTanjim",
        "repo": "tmux-suspend",
        "rev": "1a2f806666e0bfed37535372279fa00d27d50d14",
        "type": "github"
      },
      "original": {
        "owner": "MunifTanjim",
        "repo": "tmux-suspend",
        "type": "github"
      }
    },
    "zsh-autosuggestions": {
      "flake": false,
      "locked": {
        "lastModified": 1622844304,
        "narHash": "sha256-KLUYpUu4DHRumQZ3w59m9aTW6TBKMCXl2UcKi4uMd7w=",
        "owner": "zsh-users",
        "repo": "zsh-autosuggestions",
        "rev": "a411ef3e0992d4839f0732ebeb9823024afaaaa8",
        "type": "github"
      },
      "original": {
        "owner": "zsh-users",
        "repo": "zsh-autosuggestions",
        "type": "github"
      }
    },
    "zsh-completions": {
      "flake": false,
      "locked": {
        "lastModified": 1685880941,
        "narHash": "sha256-vkYWnvGYVk67/nZZf8jkzSZAkw2vJJj9/i0Ekp/GnOg=",
        "owner": "zsh-users",
        "repo": "zsh-completions",
        "rev": "66c4b6fe720fc34bd18dbb879aa005fc7352c65b",
        "type": "github"
      },
      "original": {
        "owner": "zsh-users",
        "repo": "zsh-completions",
        "type": "github"
      }
    },
    "zsh-syntax-highlighting": {
      "flake": false,
      "locked": {
        "lastModified": 1685766260,
        "narHash": "sha256-iKx7lsQCoSAbpANYFkNVCZlTFdwOEI34rx/h1rnraSg=",
        "owner": "zsh-users",
        "repo": "zsh-syntax-highlighting",
        "rev": "1386f1213eb0b0589d73cd3cf7c56e6a972a9bfd",
        "type": "github"
      },
      "original": {
        "owner": "zsh-users",
        "repo": "zsh-syntax-highlighting",
        "type": "github"
      }
    }
  },
  "root": "root",
  "version": 7
}
